
Microsoft Visual Studio Solution File, Format Version 12.00
# Visual Studio 14
VisualStudioVersion = 14.0.24720.0
MinimumVisualStudioVersion = 10.0.40219.1
Project("{FAE04EC0-301F-11D3-BF4B-00C04F79EFBC}") = "ConsoleCommander.App", "ConsoleCommander.App\ConsoleCommander.App.csproj", "{C9DFA821-88B6-44F9-A1EB-17CB5041ECB1}"
EndProject
Project("{FAE04EC0-301F-11D3-BF4B-00C04F79EFBC}") = "ConsoleCommander", "ConsoleCommander\ConsoleCommander.csproj", "{AF17FCD3-E7D7-4CA3-A2F4-E18626519189}"
EndProject
Project("{FAE04EC0-301F-11D3-BF4B-00C04F79EFBC}") = "ConsoleCommander.Test", "ConsoleCommander.Test\ConsoleCommander.Test.csproj", "{639EEB85-05CB-49AD-A10F-8E2638C11700}"
EndProject
Global
	GlobalSection(SolutionConfigurationPlatforms) = preSolution
		Debug|Any CPU = Debug|Any CPU
		Release|Any CPU = Release|Any CPU
	EndGlobalSection
	GlobalSection(ProjectConfigurationPlatforms) = postSolution
		{C9DFA821-88B6-44F9-A1EB-17CB5041ECB1}.Debug|Any CPU.ActiveCfg = Debug|Any CPU
		{C9DFA821-88B6-44F9-A1EB-17CB5041ECB1}.Debug|Any CPU.Build.0 = Debug|Any CPU
		{C9DFA821-88B6-44F9-A1EB-17CB5041ECB1}.Release|Any CPU.ActiveCfg = Release|Any CPU
		{C9DFA821-88B6-44F9-A1EB-17CB5041ECB1}.Release|Any CPU.Build.0 = Release|Any CPU
		{AF17FCD3-E7D7-4CA3-A2F4-E18626519189}.Debug|Any CPU.ActiveCfg = Debug|Any CPU
		{AF17FCD3-E7D7-4CA3-A2F4-E18626519189}.Debug|Any CPU.Build.0 = Debug|Any CPU
		{AF17FCD3-E7D7-4CA3-A2F4-E18626519189}.Release|Any CPU.ActiveCfg = Release|Any CPU
		{AF17FCD3-E7D7-4CA3-A2F4-E18626519189}.Release|Any CPU.Build.0 = Release|Any CPU
		{639EEB85-05CB-49AD-A10F-8E2638C11700}.Debug|Any CPU.ActiveCfg = Debug|Any CPU
		{639EEB85-05CB-49AD-A10F-8E2638C11700}.Debug|Any CPU.Build.0 = Debug|Any CPU
		{639EEB85-05CB-49AD-A10F-8E2638C11700}.Release|Any CPU.ActiveCfg = Release|Any CPU
		{639EEB85-05CB-49AD-A10F-8E2638C11700}.Release|Any CPU.Build.0 = Release|Any CPU
	EndGlobalSection
	GlobalSection(SolutionProperties) = preSolution
		HideSolutionNode = FALSE
	EndGlobalSection
EndGlobal
